<?xml version="1.0" encoding="utf-8"?>
<Project ToolsVersion="15.0" xmlns="http://schemas.microsoft.com/developer/msbuild/2003">
  <ItemGroup>
    <ClCompile Include="D:\ahuonedrive\OneDrive - stu.ahu.edu.cn\workspace\tiny-C-intepreter\eval.c">
      <Filter>Source Files</Filter>
    </ClCompile>
    <ClCompile Include="D:\ahuonedrive\OneDrive - stu.ahu.edu.cn\workspace\tiny-C-intepreter\expr.c">
      <Filter>Source Files</Filter>
    </ClCompile>
    <ClCompile Include="D:\ahuonedrive\OneDrive - stu.ahu.edu.cn\workspace\tiny-C-intepreter\main.c">
      <Filter>Source Files</Filter>
    </ClCompile>
    <ClCompile Include="D:\ahuonedrive\OneDrive - stu.ahu.edu.cn\workspace\tiny-C-intepreter\parsing.c">
      <Filter>Source Files</Filter>
    </ClCompile>
    <ClCompile Include="D:\ahuonedrive\OneDrive - stu.ahu.edu.cn\workspace\tiny-C-intepreter\scanning.c">
      <Filter>Source Files</Filter>
    </ClCompile>
    <ClCompile Include="D:\ahuonedrive\OneDrive - stu.ahu.edu.cn\workspace\tiny-C-intepreter\test.c">
      <Filter>Source Files</Filter>
    </ClCompile>
    <ClCompile Include="D:\ahuonedrive\OneDrive - stu.ahu.edu.cn\workspace\tiny-C-intepreter\tinyc.c">
      <Filter>Source Files</Filter>
    </ClCompile>
  </ItemGroup>
  <ItemGroup>
    <CustomBuild Include="D:\ahuonedrive\OneDrive - stu.ahu.edu.cn\workspace\tiny-C-intepreter\CMakeLists.txt" />
  </ItemGroup>
  <ItemGroup>
    <Filter Include="Source Files">
      <UniqueIdentifier>{E71336F6-9D5F-3F1E-9C13-697AA1719FB5}</UniqueIdentifier>
    </Filter>
  </ItemGroup>
</Project>
