Microsoft Visual Studio Solution File, Format Version 12.00
# Visual Studio 15
Project("{8BC9CEB8-8B4A-11D0-8D11-00A0C91BC942}") = "ALL_BUILD", "ALL_BUILD.vcxproj", "{E8967A2F-33D3-34FF-8405-AAFCB7D95E6A}"
	ProjectSection(ProjectDependencies) = postProject
		{80FD9115-3CCD-3D6B-AF0F-CB777A9880E9} = {80FD9115-3CCD-3D6B-AF0F-CB777A9880E9}
		{E2842566-3F43-3290-B66B-374CB6DC8D0D} = {E2842566-3F43-3290-B66B-374CB6DC8D0D}
	EndProjectSection
EndProject
Project("{8BC9CEB8-8B4A-11D0-8D11-00A0C91BC942}") = "ZERO_CHECK", "ZERO_CHECK.vcxproj", "{80FD9115-3CCD-3D6B-AF0F-CB777A9880E9}"
	ProjectSection(ProjectDependencies) = postProject
	EndProjectSection
EndProject
Project("{8BC9CEB8-8B4A-11D0-8D11-00A0C91BC942}") = "tc", "tc.vcxproj", "{E2842566-3F43-3290-B66B-374CB6DC8D0D}"
	ProjectSection(ProjectDependencies) = postProject
		{80FD9115-3CCD-3D6B-AF0F-CB777A9880E9} = {80FD9115-3CCD-3D6B-AF0F-CB777A9880E9}
	EndProjectSection
EndProject
Global
	GlobalSection(SolutionConfigurationPlatforms) = preSolution
		Debug|Win32 = Debug|Win32
		Release|Win32 = Release|Win32
		MinSizeRel|Win32 = MinSizeRel|Win32
		RelWithDebInfo|Win32 = RelWithDebInfo|Win32
	EndGlobalSection
	GlobalSection(ProjectConfigurationPlatforms) = postSolution
		{E8967A2F-33D3-34FF-8405-AAFCB7D95E6A}.Debug|Win32.ActiveCfg = Debug|Win32
		{E8967A2F-33D3-34FF-8405-AAFCB7D95E6A}.Release|Win32.ActiveCfg = Release|Win32
		{E8967A2F-33D3-34FF-8405-AAFCB7D95E6A}.MinSizeRel|Win32.ActiveCfg = MinSizeRel|Win32
		{E8967A2F-33D3-34FF-8405-AAFCB7D95E6A}.RelWithDebInfo|Win32.ActiveCfg = RelWithDebInfo|Win32
		{80FD9115-3CCD-3D6B-AF0F-CB777A9880E9}.Debug|Win32.ActiveCfg = Debug|Win32
		{80FD9115-3CCD-3D6B-AF0F-CB777A9880E9}.Debug|Win32.Build.0 = Debug|Win32
		{80FD9115-3CCD-3D6B-AF0F-CB777A9880E9}.Release|Win32.ActiveCfg = Release|Win32
		{80FD9115-3CCD-3D6B-AF0F-CB777A9880E9}.Release|Win32.Build.0 = Release|Win32
		{80FD9115-3CCD-3D6B-AF0F-CB777A9880E9}.MinSizeRel|Win32.ActiveCfg = MinSizeRel|Win32
		{80FD9115-3CCD-3D6B-AF0F-CB777A9880E9}.MinSizeRel|Win32.Build.0 = MinSizeRel|Win32
		{80FD9115-3CCD-3D6B-AF0F-CB777A9880E9}.RelWithDebInfo|Win32.ActiveCfg = RelWithDebInfo|Win32
		{80FD9115-3CCD-3D6B-AF0F-CB777A9880E9}.RelWithDebInfo|Win32.Build.0 = RelWithDebInfo|Win32
		{E2842566-3F43-3290-B66B-374CB6DC8D0D}.Debug|Win32.ActiveCfg = Debug|Win32
		{E2842566-3F43-3290-B66B-374CB6DC8D0D}.Debug|Win32.Build.0 = Debug|Win32
		{E2842566-3F43-3290-B66B-374CB6DC8D0D}.Release|Win32.ActiveCfg = Release|Win32
		{E2842566-3F43-3290-B66B-374CB6DC8D0D}.Release|Win32.Build.0 = Release|Win32
		{E2842566-3F43-3290-B66B-374CB6DC8D0D}.MinSizeRel|Win32.ActiveCfg = MinSizeRel|Win32
		{E2842566-3F43-3290-B66B-374CB6DC8D0D}.MinSizeRel|Win32.Build.0 = MinSizeRel|Win32
		{E2842566-3F43-3290-B66B-374CB6DC8D0D}.RelWithDebInfo|Win32.ActiveCfg = RelWithDebInfo|Win32
		{E2842566-3F43-3290-B66B-374CB6DC8D0D}.RelWithDebInfo|Win32.Build.0 = RelWithDebInfo|Win32
	EndGlobalSection
	GlobalSection(ExtensibilityGlobals) = postSolution
		SolutionGuid = {5FB560D4-F39B-3C19-8D40-3F0F35C8ADC2}
	EndGlobalSection
	GlobalSection(ExtensibilityAddIns) = postSolution
	EndGlobalSection
EndGlobal
